github.com/ralvarezdev/tinygo-buffers v0.1.1 h1:X90nTay0JdoWR3v4ZaskQqXUMSA6NBXM5WLoNJYpku8=
github.com/ralvarezdev/tinygo-buffers v0.1.1/go.mod h1:tGklXbGcbTrmFp/+qDUwQ4iSSdeUh/LDYxZ0P+Aeeko=
github.com/ralvarezdev/tinygo-logger v0.0.7 h1:LbgEdOCPrsB71NdlZOGeZdvTDCqGrbXzpIwGzykkM2k=
github.com/ralvarezdev/tinygo-logger v0.0.7/go.mod h1:IYrP8idDvNGPw5QZUnKrzk+9OOLlcxqfqVVJxmXP7JY=
github.com/ralvarezdev/tinygo-types v0.0.3 h1:h8ogOD2lOVxR+w5i6o+v/8qTROFA2KBjVXBM7NT3SMc=
github.com/ralvarezdev/tinygo-types v0.0.3/go.mod h1:2u3ApwAtIqGZ6wDsmUYt44bIk1DEn06INNjtfWndCr4=
